
Microsoft Visual Studio Solution File, Format Version 12.00
# Visual Studio 15
VisualStudioVersion = 15.0.26124.0
MinimumVisualStudioVersion = 15.0.26124.0
Project("{FAE04EC0-301F-11D3-BF4B-00C04F79EFBC}") = "QuickStart", "QuickStart\QuickStart.csproj", "{5CCC58DE-F846-4088-98DA-EC6C0521866A}"
EndProject
Project("{FAE04EC0-301F-11D3-BF4B-00C04F79EFBC}") = "QuickStart.Tests", "QuickStart.Tests\QuickStart.Tests.csproj", "{C3716E3B-6398-416A-986E-A9E7D063C263}"
EndProject
Global
	GlobalSection(SolutionConfigurationPlatforms) = preSolution
		Debug|Any CPU = Debug|Any CPU
		Debug|x64 = Debug|x64
		Debug|x86 = Debug|x86
		Release|Any CPU = Release|Any CPU
		Release|x64 = Release|x64
		Release|x86 = Release|x86
	EndGlobalSection
	GlobalSection(SolutionProperties) = preSolution
		HideSolutionNode = FALSE
	EndGlobalSection
	GlobalSection(ProjectConfigurationPlatforms) = postSolution
		{5CCC58DE-F846-4088-98DA-EC6C0521866A}.Debug|Any CPU.ActiveCfg = Debug|Any CPU
		{5CCC58DE-F846-4088-98DA-EC6C0521866A}.Debug|Any CPU.Build.0 = Debug|Any CPU
		{5CCC58DE-F846-4088-98DA-EC6C0521866A}.Debug|x64.ActiveCfg = Debug|Any CPU
		{5CCC58DE-F846-4088-98DA-EC6C0521866A}.Debug|x64.Build.0 = Debug|Any CPU
		{5CCC58DE-F846-4088-98DA-EC6C0521866A}.Debug|x86.ActiveCfg = Debug|Any CPU
		{5CCC58DE-F846-4088-98DA-EC6C0521866A}.Debug|x86.Build.0 = Debug|Any CPU
		{5CCC58DE-F846-4088-98DA-EC6C0521866A}.Release|Any CPU.ActiveCfg = Release|Any CPU
		{5CCC58DE-F846-4088-98DA-EC6C0521866A}.Release|Any CPU.Build.0 = Release|Any CPU
		{5CCC58DE-F846-4088-98DA-EC6C0521866A}.Release|x64.ActiveCfg = Release|Any CPU
		{5CCC58DE-F846-4088-98DA-EC6C0521866A}.Release|x64.Build.0 = Release|Any CPU
		{5CCC58DE-F846-4088-98DA-EC6C0521866A}.Release|x86.ActiveCfg = Release|Any CPU
		{5CCC58DE-F846-4088-98DA-EC6C0521866A}.Release|x86.Build.0 = Release|Any CPU
		{C3716E3B-6398-416A-986E-A9E7D063C263}.Debug|Any CPU.ActiveCfg = Debug|Any CPU
		{C3716E3B-6398-416A-986E-A9E7D063C263}.Debug|Any CPU.Build.0 = Debug|Any CPU
		{C3716E3B-6398-416A-986E-A9E7D063C263}.Debug|x64.ActiveCfg = Debug|Any CPU
		{C3716E3B-6398-416A-986E-A9E7D063C263}.Debug|x64.Build.0 = Debug|Any CPU
		{C3716E3B-6398-416A-986E-A9E7D063C263}.Debug|x86.ActiveCfg = Debug|Any CPU
		{C3716E3B-6398-416A-986E-A9E7D063C263}.Debug|x86.Build.0 = Debug|Any CPU
		{C3716E3B-6398-416A-986E-A9E7D063C263}.Release|Any CPU.ActiveCfg = Release|Any CPU
		{C3716E3B-6398-416A-986E-A9E7D063C263}.Release|Any CPU.Build.0 = Release|Any CPU
		{C3716E3B-6398-416A-986E-A9E7D063C263}.Release|x64.ActiveCfg = Release|Any CPU
		{C3716E3B-6398-416A-986E-A9E7D063C263}.Release|x64.Build.0 = Release|Any CPU
		{C3716E3B-6398-416A-986E-A9E7D063C263}.Release|x86.ActiveCfg = Release|Any CPU
		{C3716E3B-6398-416A-986E-A9E7D063C263}.Release|x86.Build.0 = Release|Any CPU
	EndGlobalSection
EndGlobal
